// !$*UTF8*$!
{
	archiveVersion = 1;
	classes = {
	};
	objectVersion = 56;
	objects = {

/* Begin PBXBuildFile section */
		B01E8A512AFE07A1006B91BE /* FirebaseAuth in Frameworks */ = {isa = PBXBuildFile; productRef = B01E8A502AFE07A1006B91BE /* FirebaseAuth */; };
		B01E8A532AFE07A1006B91BE /* FirebaseFirestore in Frameworks */ = {isa = PBXBuildFile; productRef = B01E8A522AFE07A1006B91BE /* FirebaseFirestore */; };
		B05B0A112AF860DD001BC10D /* HealthInspectionappApp.swift in Sources */ = {isa = PBXBuildFile; fileRef = B05B0A102AF860DD001BC10D /* HealthInspectionappApp.swift */; };
		B05B0A152AF860DF001BC10D /* Assets.xcassets in Resources */ = {isa = PBXBuildFile; fileRef = B05B0A142AF860DF001BC10D /* Assets.xcassets */; };
		B05B0A182AF860DF001BC10D /* Preview Assets.xcassets in Resources */ = {isa = PBXBuildFile; fileRef = B05B0A172AF860DF001BC10D /* Preview Assets.xcassets */; };
		B05B0A202AF8613A001BC10D /* RestaurantViewModel.swift in Sources */ = {isa = PBXBuildFile; fileRef = B05B0A1F2AF8613A001BC10D /* RestaurantViewModel.swift */; };
		B05B0A232AF8617A001BC10D /* RestaurantModel.swift in Sources */ = {isa = PBXBuildFile; fileRef = B05B0A222AF8617A001BC10D /* RestaurantModel.swift */; };
		B05B0A2A2AF8617F001BC10D /* MapView.swift in Sources */ = {isa = PBXBuildFile; fileRef = B05B0A252AF8617F001BC10D /* MapView.swift */; };
		B05B0A2B2AF8617F001BC10D /* ContactView.swift in Sources */ = {isa = PBXBuildFile; fileRef = B05B0A262AF8617F001BC10D /* ContactView.swift */; };
		B05B0A2C2AF8617F001BC10D /* ScoreView.swift in Sources */ = {isa = PBXBuildFile; fileRef = B05B0A272AF8617F001BC10D /* ScoreView.swift */; };
		B05B0A2D2AF8617F001BC10D /* RestaurantDetail.swift in Sources */ = {isa = PBXBuildFile; fileRef = B05B0A282AF8617F001BC10D /* RestaurantDetail.swift */; };
		B05B0A2E2AF8617F001BC10D /* Restaurant.swift in Sources */ = {isa = PBXBuildFile; fileRef = B05B0A292AF8617F001BC10D /* Restaurant.swift */; };
		B05B0A302AF8659F001BC10D /* GoogleService-Info.plist in Resources */ = {isa = PBXBuildFile; fileRef = B05B0A2F2AF8659F001BC10D /* GoogleService-Info.plist */; };
		B07B1EE62AFC8F5D00819709 /* AuthView.swift in Sources */ = {isa = PBXBuildFile; fileRef = B07B1EE52AFC8F5D00819709 /* AuthView.swift */; };
		B082804C2AFA113F007AE9B0 /* PreviousView.swift in Sources */ = {isa = PBXBuildFile; fileRef = B082804B2AFA113F007AE9B0 /* PreviousView.swift */; };
/* End PBXBuildFile section */

/* Begin PBXFileReference section */
		B05B0A0D2AF860DD001BC10D /* HealthInspectionapp.app */ = {isa = PBXFileReference; explicitFileType = wrapper.application; includeInIndex = 0; path = HealthInspectionapp.app; sourceTree = BUILT_PRODUCTS_DIR; };
		B05B0A102AF860DD001BC10D /* HealthInspectionappApp.swift */ = {isa = PBXFileReference; lastKnownFileType = sourcecode.swift; path = HealthInspectionappApp.swift; sourceTree = "<group>"; };
		B05B0A142AF860DF001BC10D /* Assets.xcassets */ = {isa = PBXFileReference; lastKnownFileType = folder.assetcatalog; path = Assets.xcassets; sourceTree = "<group>"; };
		B05B0A172AF860DF001BC10D /* Preview Assets.xcassets */ = {isa = PBXFileReference; lastKnownFileType = folder.assetcatalog; path = "Preview Assets.xcassets"; sourceTree = "<group>"; };
		B05B0A1F2AF8613A001BC10D /* RestaurantViewModel.swift */ = {isa = PBXFileReference; fileEncoding = 4; lastKnownFileType = sourcecode.swift; path = RestaurantViewModel.swift; sourceTree = "<group>"; };
		B05B0A222AF8617A001BC10D /* RestaurantModel.swift */ = {isa = PBXFileReference; fileEncoding = 4; lastKnownFileType = sourcecode.swift; path = RestaurantModel.swift; sourceTree = "<group>"; };
		B05B0A252AF8617F001BC10D /* MapView.swift */ = {isa = PBXFileReference; fileEncoding = 4; lastKnownFileType = sourcecode.swift; path = MapView.swift; sourceTree = "<group>"; };
		B05B0A262AF8617F001BC10D /* ContactView.swift */ = {isa = PBXFileReference; fileEncoding = 4; lastKnownFileType = sourcecode.swift; path = ContactView.swift; sourceTree = "<group>"; };
		B05B0A272AF8617F001BC10D /* ScoreView.swift */ = {isa = PBXFileReference; fileEncoding = 4; lastKnownFileType = sourcecode.swift; path = ScoreView.swift; sourceTree = "<group>"; };
		B05B0A282AF8617F001BC10D /* RestaurantDetail.swift */ = {isa = PBXFileReference; fileEncoding = 4; lastKnownFileType = sourcecode.swift; path = RestaurantDetail.swift; sourceTree = "<group>"; };
		B05B0A292AF8617F001BC10D /* Restaurant.swift */ = {isa = PBXFileReference; fileEncoding = 4; lastKnownFileType = sourcecode.swift; path = Restaurant.swift; sourceTree = "<group>"; };
		B05B0A2F2AF8659F001BC10D /* GoogleService-Info.plist */ = {isa = PBXFileReference; fileEncoding = 4; lastKnownFileType = text.plist.xml; path = "GoogleService-Info.plist"; sourceTree = "<group>"; };
		B07B1EE52AFC8F5D00819709 /* AuthView.swift */ = {isa = PBXFileReference; lastKnownFileType = sourcecode.swift; path = AuthView.swift; sourceTree = "<group>"; };
		B082804B2AFA113F007AE9B0 /* PreviousView.swift */ = {isa = PBXFileReference; lastKnownFileType = sourcecode.swift; path = PreviousView.swift; sourceTree = "<group>"; };
/* End PBXFileReference section */

/* Begin PBXFrameworksBuildPhase section */
		B05B0A0A2AF860DD001BC10D /* Frameworks */ = {
			isa = PBXFrameworksBuildPhase;
			buildActionMask = 2147483647;
			files = (
				B01E8A512AFE07A1006B91BE /* FirebaseAuth in Frameworks */,
				B01E8A532AFE07A1006B91BE /* FirebaseFirestore in Frameworks */,
			);
			runOnlyForDeploymentPostprocessing = 0;
		};
/* End PBXFrameworksBuildPhase section */

/* Begin PBXGroup section */
		B05B0A042AF860DD001BC10D = {
			isa = PBXGroup;
			children = (
				B05B0A0F2AF860DD001BC10D /* HealthInspectionapp */,
				B05B0A0E2AF860DD001BC10D /* Products */,
				B07B1EE22AFC8D0500819709 /* Frameworks */,
			);
			sourceTree = "<group>";
		};
		B05B0A0E2AF860DD001BC10D /* Products */ = {
			isa = PBXGroup;
			children = (
				B05B0A0D2AF860DD001BC10D /* HealthInspectionapp.app */,
			);
			name = Products;
			sourceTree = "<group>";
		};
		B05B0A0F2AF860DD001BC10D /* HealthInspectionapp */ = {
			isa = PBXGroup;
			children = (
				B05B0A2F2AF8659F001BC10D /* GoogleService-Info.plist */,
				B05B0A102AF860DD001BC10D /* HealthInspectionappApp.swift */,
				B05B0A212AF8617A001BC10D /* Models */,
				B05B0A1E2AF8613A001BC10D /* ViewModels */,
				B05B0A242AF8617F001BC10D /* Views */,
				B05B0A142AF860DF001BC10D /* Assets.xcassets */,
				B05B0A162AF860DF001BC10D /* Preview Content */,
			);
			path = HealthInspectionapp;
			sourceTree = "<group>";
		};
		B05B0A162AF860DF001BC10D /* Preview Content */ = {
			isa = PBXGroup;
			children = (
				B05B0A172AF860DF001BC10D /* Preview Assets.xcassets */,
			);
			path = "Preview Content";
			sourceTree = "<group>";
		};
		B05B0A1E2AF8613A001BC10D /* ViewModels */ = {
			isa = PBXGroup;
			children = (
				B05B0A1F2AF8613A001BC10D /* RestaurantViewModel.swift */,
			);
			path = ViewModels;
			sourceTree = "<group>";
		};
		B05B0A212AF8617A001BC10D /* Models */ = {
			isa = PBXGroup;
			children = (
				B05B0A222AF8617A001BC10D /* RestaurantModel.swift */,
			);
			path = Models;
			sourceTree = "<group>";
		};
		B05B0A242AF8617F001BC10D /* Views */ = {
			isa = PBXGroup;
			children = (
				B05B0A252AF8617F001BC10D /* MapView.swift */,
				B05B0A262AF8617F001BC10D /* ContactView.swift */,
				B05B0A272AF8617F001BC10D /* ScoreView.swift */,
				B05B0A282AF8617F001BC10D /* RestaurantDetail.swift */,
				B05B0A292AF8617F001BC10D /* Restaurant.swift */,
				B082804B2AFA113F007AE9B0 /* PreviousView.swift */,
				B07B1EE52AFC8F5D00819709 /* AuthView.swift */,
			);
			path = Views;
			sourceTree = "<group>";
		};
		B07B1EE22AFC8D0500819709 /* Frameworks */ = {
			isa = PBXGroup;
			children = (
			);
			name = Frameworks;
			sourceTree = "<group>";
		};
/* End PBXGroup section */

/* Begin PBXNativeTarget section */
		B05B0A0C2AF860DD001BC10D /* HealthInspectionapp */ = {
			isa = PBXNativeTarget;
			buildConfigurationList = B05B0A1B2AF860DF001BC10D /* Build configuration list for PBXNativeTarget "HealthInspectionapp" */;
			buildPhases = (
				B05B0A092AF860DD001BC10D /* Sources */,
				B05B0A0A2AF860DD001BC10D /* Frameworks */,
				B05B0A0B2AF860DD001BC10D /* Resources */,
			);
			buildRules = (
			);
			dependencies = (
			);
			name = HealthInspectionapp;
			packageProductDependencies = (
				B01E8A502AFE07A1006B91BE /* FirebaseAuth */,
				B01E8A522AFE07A1006B91BE /* FirebaseFirestore */,
			);
			productName = HealthInspectionapp;
			productReference = B05B0A0D2AF860DD001BC10D /* HealthInspectionapp.app */;
			productType = "com.apple.product-type.application";
		};
/* End PBXNativeTarget section */

/* Begin PBXProject section */
		B05B0A052AF860DD001BC10D /* Project object */ = {
			isa = PBXProject;
			attributes = {
				BuildIndependentTargetsInParallel = 1;
				LastSwiftUpdateCheck = 1420;
				LastUpgradeCheck = 1420;
				TargetAttributes = {
					B05B0A0C2AF860DD001BC10D = {
						CreatedOnToolsVersion = 14.2;
					};
				};
			};
			buildConfigurationList = B05B0A082AF860DD001BC10D /* Build configuration list for PBXProject "HealthInspectionapp" */;
			compatibilityVersion = "Xcode 14.0";
			developmentRegion = en;
			hasScannedForEncodings = 0;
			knownRegions = (
				en,
				Base,
			);
			mainGroup = B05B0A042AF860DD001BC10D;
			packageReferences = (
				B01E8A4F2AFE07A1006B91BE /* XCRemoteSwiftPackageReference "firebase-ios-sdk" */,
			);
			productRefGroup = B05B0A0E2AF860DD001BC10D /* Products */;
			projectDirPath = "";
			projectRoot = "";
			targets = (
				B05B0A0C2AF860DD001BC10D /* HealthInspectionapp */,
			);
		};
/* End PBXProject section */

/* Begin PBXResourcesBuildPhase section */
		B05B0A0B2AF860DD001BC10D /* Resources */ = {
			isa = PBXResourcesBuildPhase;
			buildActionMask = 2147483647;
			files = (
				B05B0A182AF860DF001BC10D /* Preview Assets.xcassets in Resources */,
				B05B0A152AF860DF001BC10D /* Assets.xcassets in Resources */,
				B05B0A302AF8659F001BC10D /* GoogleService-Info.plist in Resources */,
			);
			runOnlyForDeploymentPostprocessing = 0;
		};
/* End PBXResourcesBuildPhase section */

/* Begin PBXSourcesBuildPhase section */
		B05B0A092AF860DD001BC10D /* Sources */ = {
			isa = PBXSourcesBuildPhase;
			buildActionMask = 2147483647;
			files = (
				B082804C2AFA113F007AE9B0 /* PreviousView.swift in Sources */,
				B05B0A112AF860DD001BC10D /* HealthInspectionappApp.swift in Sources */,
				B05B0A2D2AF8617F001BC10D /* RestaurantDetail.swift in Sources */,
				B05B0A2A2AF8617F001BC10D /* MapView.swift in Sources */,
				B05B0A232AF8617A001BC10D /* RestaurantModel.swift in Sources */,
				B05B0A2E2AF8617F001BC10D /* Restaurant.swift in Sources */,
				B07B1EE62AFC8F5D00819709 /* AuthView.swift in Sources */,
				B05B0A2B2AF8617F001BC10D /* ContactView.swift in Sources */,
				B05B0A202AF8613A001BC10D /* RestaurantViewModel.swift in Sources */,
				B05B0A2C2AF8617F001BC10D /* ScoreView.swift in Sources */,
			);
			runOnlyForDeploymentPostprocessing = 0;
		};
/* End PBXSourcesBuildPhase section */

/* Begin XCBuildConfiguration section */
		B05B0A192AF860DF001BC10D /* Debug */ = {
			isa = XCBuildConfiguration;
			buildSettings = {
				ALWAYS_SEARCH_USER_PATHS = NO;
				CLANG_ANALYZER_NONNULL = YES;
				CLANG_ANALYZER_NUMBER_OBJECT_CONVERSION = YES_AGGRESSIVE;
				CLANG_CXX_LANGUAGE_STANDARD = "gnu++20";
				CLANG_ENABLE_MODULES = YES;
				CLANG_ENABLE_OBJC_ARC = YES;
				CLANG_ENABLE_OBJC_WEAK = YES;
				CLANG_WARN_BLOCK_CAPTURE_AUTORELEASING = YES;
				CLANG_WARN_BOOL_CONVERSION = YES;
				CLANG_WARN_COMMA = YES;
				CLANG_WARN_CONSTANT_CONVERSION = YES;
				CLANG_WARN_DEPRECATED_OBJC_IMPLEMENTATIONS = YES;
				CLANG_WARN_DIRECT_OBJC_ISA_USAGE = YES_ERROR;
				CLANG_WARN_DOCUMENTATION_COMMENTS = YES;
				CLANG_WARN_EMPTY_BODY = YES;
				CLANG_WARN_ENUM_CONVERSION = YES;
				CLANG_WARN_INFINITE_RECURSION = YES;
				CLANG_WARN_INT_CONVERSION = YES;
				CLANG_WARN_NON_LITERAL_NULL_CONVERSION = YES;
				CLANG_WARN_OBJC_IMPLICIT_RETAIN_SELF = YES;
				CLANG_WARN_OBJC_LITERAL_CONVERSION = YES;
				CLANG_WARN_OBJC_ROOT_CLASS = YES_ERROR;
				CLANG_WARN_QUOTED_INCLUDE_IN_FRAMEWORK_HEADER = YES;
				CLANG_WARN_RANGE_LOOP_ANALYSIS = YES;
				CLANG_WARN_STRICT_PROTOTYPES = YES;
				CLANG_WARN_SUSPICIOUS_MOVE = YES;
				CLANG_WARN_UNGUARDED_AVAILABILITY = YES_AGGRESSIVE;
				CLANG_WARN_UNREACHABLE_CODE = YES;
				CLANG_WARN__DUPLICATE_METHOD_MATCH = YES;
				COPY_PHASE_STRIP = NO;
				DEBUG_INFORMATION_FORMAT = dwarf;
				ENABLE_STRICT_OBJC_MSGSEND = YES;
				ENABLE_TESTABILITY = YES;
				FirebaseAppDelegateProxyEnabled = NO;
				GCC_C_LANGUAGE_STANDARD = gnu11;
				GCC_DYNAMIC_NO_PIC = NO;
				GCC_NO_COMMON_BLOCKS = YES;
				GCC_OPTIMIZATION_LEVEL = 0;
				GCC_PREPROCESSOR_DEFINITIONS = (
					"DEBUG=1",
					"$(inherited)",
				);
				GCC_WARN_64_TO_32_BIT_CONVERSION = YES;
				GCC_WARN_ABOUT_RETURN_TYPE = YES_ERROR;
				GCC_WARN_UNDECLARED_SELECTOR = YES;
				GCC_WARN_UNINITIALIZED_AUTOS = YES_AGGRESSIVE;
				GCC_WARN_UNUSED_FUNCTION = YES;
				GCC_WARN_UNUSED_VARIABLE = YES;
				IPHONEOS_DEPLOYMENT_TARGET = 16.2;
				MTL_ENABLE_DEBUG_INFO = INCLUDE_SOURCE;
				MTL_FAST_MATH = YES;
				ONLY_ACTIVE_ARCH = YES;
				SDKROOT = iphoneos;
				SWIFT_ACTIVE_COMPILATION_CONDITIONS = DEBUG;
				SWIFT_OPTIMIZATION_LEVEL = "-Onone";
			};
			name = Debug;
		};
		B05B0A1A2AF860DF001BC10D /* Release */ = {
			isa = XCBuildConfiguration;
			buildSettings = {
				ALWAYS_SEARCH_USER_PATHS = NO;
				CLANG_ANALYZER_NONNULL = YES;
				CLANG_ANALYZER_NUMBER_OBJECT_CONVERSION = YES_AGGRESSIVE;
				CLANG_CXX_LANGUAGE_STANDARD = "gnu++20";
				CLANG_ENABLE_MODULES = YES;
				CLANG_ENABLE_OBJC_ARC = YES;
				CLANG_ENABLE_OBJC_WEAK = YES;
				CLANG_WARN_BLOCK_CAPTURE_AUTORELEASING = YES;
				CLANG_WARN_BOOL_CONVERSION = YES;
				CLANG_WARN_COMMA = YES;
				CLANG_WARN_CONSTANT_CONVERSION = YES;
				CLANG_WARN_DEPRECATED_OBJC_IMPLEMENTATIONS = YES;
				CLANG_WARN_DIRECT_OBJC_ISA_USAGE = YES_ERROR;
				CLANG_WARN_DOCUMENTATION_COMMENTS = YES;
				CLANG_WARN_EMPTY_BODY = YES;
				CLANG_WARN_ENUM_CONVERSION = YES;
				CLANG_WARN_INFINITE_RECURSION = YES;
				CLANG_WARN_INT_CONVERSION = YES;
				CLANG_WARN_NON_LITERAL_NULL_CONVERSION = YES;
				CLANG_WARN_OBJC_IMPLICIT_RETAIN_SELF = YES;
				CLANG_WARN_OBJC_LITERAL_CONVERSION = YES;
				CLANG_WARN_OBJC_ROOT_CLASS = YES_ERROR;
				CLANG_WARN_QUOTED_INCLUDE_IN_FRAMEWORK_HEADER = YES;
				CLANG_WARN_RANGE_LOOP_ANALYSIS = YES;
				CLANG_WARN_STRICT_PROTOTYPES = YES;
				CLANG_WARN_SUSPICIOUS_MOVE = YES;
				CLANG_WARN_UNGUARDED_AVAILABILITY = YES_AGGRESSIVE;
				CLANG_WARN_UNREACHABLE_CODE = YES;
				CLANG_WARN__DUPLICATE_METHOD_MATCH = YES;
				COPY_PHASE_STRIP = NO;
				DEBUG_INFORMATION_FORMAT = "dwarf-with-dsym";
				ENABLE_NS_ASSERTIONS = NO;
				ENABLE_STRICT_OBJC_MSGSEND = YES;
				FirebaseAppDelegateProxyEnabled = NO;
				GCC_C_LANGUAGE_STANDARD = gnu11;
				GCC_NO_COMMON_BLOCKS = YES;
				GCC_WARN_64_TO_32_BIT_CONVERSION = YES;
				GCC_WARN_ABOUT_RETURN_TYPE = YES_ERROR;
				GCC_WARN_UNDECLARED_SELECTOR = YES;
				GCC_WARN_UNINITIALIZED_AUTOS = YES_AGGRESSIVE;
				GCC_WARN_UNUSED_FUNCTION = YES;
				GCC_WARN_UNUSED_VARIABLE = YES;
				IPHONEOS_DEPLOYMENT_TARGET = 16.2;
				MTL_ENABLE_DEBUG_INFO = NO;
				MTL_FAST_MATH = YES;
				SDKROOT = iphoneos;
				SWIFT_COMPILATION_MODE = wholemodule;
				SWIFT_OPTIMIZATION_LEVEL = "-O";
				VALIDATE_PRODUCT = YES;
			};
			name = Release;
		};
		B05B0A1C2AF860DF001BC10D /* Debug */ = {
			isa = XCBuildConfiguration;
			buildSettings = {
				ASSETCATALOG_COMPILER_APPICON_NAME = AppIcon;
				ASSETCATALOG_COMPILER_GLOBAL_ACCENT_COLOR_NAME = AccentColor;
				CODE_SIGN_STYLE = Automatic;
				CURRENT_PROJECT_VERSION = 1;
				DEVELOPMENT_ASSET_PATHS = "\"HealthInspectionapp/Preview Content\"";
				ENABLE_PREVIEWS = YES;
				GENERATE_INFOPLIST_FILE = YES;
				INFOPLIST_KEY_UIApplicationSceneManifest_Generation = YES;
				INFOPLIST_KEY_UIApplicationSupportsIndirectInputEvents = YES;
				INFOPLIST_KEY_UILaunchScreen_Generation = YES;
				INFOPLIST_KEY_UISupportedInterfaceOrientations_iPad = "UIInterfaceOrientationPortrait UIInterfaceOrientationPortraitUpsideDown UIInterfaceOrientationLandscapeLeft UIInterfaceOrientationLandscapeRight";
				INFOPLIST_KEY_UISupportedInterfaceOrientations_iPhone = "UIInterfaceOrientationPortrait UIInterfaceOrientationLandscapeLeft UIInterfaceOrientationLandscapeRight";
				LD_RUNPATH_SEARCH_PATHS = (
					"$(inherited)",
					"@executable_path/Frameworks",
				);
				MARKETING_VERSION = 1.0;
				OTHER_LDFLAGS = "-ObjC";
				PRODUCT_BUNDLE_IDENTIFIER = "Auburn-University.HealthInspectionapp";
				PRODUCT_NAME = "$(TARGET_NAME)";
				SWIFT_EMIT_LOC_STRINGS = YES;
				SWIFT_VERSION = 5.0;
				TARGETED_DEVICE_FAMILY = "1,2";
			};
			name = Debug;
		};
		B05B0A1D2AF860DF001BC10D /* Release */ = {
			isa = XCBuildConfiguration;
			buildSettings = {
				ASSETCATALOG_COMPILER_APPICON_NAME = AppIcon;
				ASSETCATALOG_COMPILER_GLOBAL_ACCENT_COLOR_NAME = AccentColor;
				CODE_SIGN_STYLE = Automatic;
				CURRENT_PROJECT_VERSION = 1;
				DEVELOPMENT_ASSET_PATHS = "\"HealthInspectionapp/Preview Content\"";
				ENABLE_PREVIEWS = YES;
				GENERATE_INFOPLIST_FILE = YES;
				INFOPLIST_KEY_UIApplicationSceneManifest_Generation = YES;
				INFOPLIST_KEY_UIApplicationSupportsIndirectInputEvents = YES;
				INFOPLIST_KEY_UILaunchScreen_Generation = YES;
				INFOPLIST_KEY_UISupportedInterfaceOrientations_iPad = "UIInterfaceOrientationPortrait UIInterfaceOrientationPortraitUpsideDown UIInterfaceOrientationLandscapeLeft UIInterfaceOrientationLandscapeRight";
				INFOPLIST_KEY_UISupportedInterfaceOrientations_iPhone = "UIInterfaceOrientationPortrait UIInterfaceOrientationLandscapeLeft UIInterfaceOrientationLandscapeRight";
				LD_RUNPATH_SEARCH_PATHS = (
					"$(inherited)",
					"@executable_path/Frameworks",
				);
				MARKETING_VERSION = 1.0;
				OTHER_LDFLAGS = "-ObjC";
				PRODUCT_BUNDLE_IDENTIFIER = "Auburn-University.HealthInspectionapp";
				PRODUCT_NAME = "$(TARGET_NAME)";
				SWIFT_EMIT_LOC_STRINGS = YES;
				SWIFT_VERSION = 5.0;
				TARGETED_DEVICE_FAMILY = "1,2";
			};
			name = Release;
		};
/* End XCBuildConfiguration section */

/* Begin XCConfigurationList section */
		B05B0A082AF860DD001BC10D /* Build configuration list for PBXProject "HealthInspectionapp" */ = {
			isa = XCConfigurationList;
			buildConfigurations = (
				B05B0A192AF860DF001BC10D /* Debug */,
				B05B0A1A2AF860DF001BC10D /* Release */,
			);
			defaultConfigurationIsVisible = 0;
			defaultConfigurationName = Release;
		};
		B05B0A1B2AF860DF001BC10D /* Build configuration list for PBXNativeTarget "HealthInspectionapp" */ = {
			isa = XCConfigurationList;
			buildConfigurations = (
				B05B0A1C2AF860DF001BC10D /* Debug */,
				B05B0A1D2AF860DF001BC10D /* Release */,
			);
			defaultConfigurationIsVisible = 0;
			defaultConfigurationName = Release;
		};
/* End XCConfigurationList section */

/* Begin XCRemoteSwiftPackageReference section */
		B01E8A4F2AFE07A1006B91BE /* XCRemoteSwiftPackageReference "firebase-ios-sdk" */ = {
			isa = XCRemoteSwiftPackageReference;
			repositoryURL = "https://github.com/firebase/firebase-ios-sdk.git";
			requirement = {
				kind = exactVersion;
				version = 9.6.0;
			};
		};
/* End XCRemoteSwiftPackageReference section */

/* Begin XCSwiftPackageProductDependency section */
		B01E8A502AFE07A1006B91BE /* FirebaseAuth */ = {
			isa = XCSwiftPackageProductDependency;
			package = B01E8A4F2AFE07A1006B91BE /* XCRemoteSwiftPackageReference "firebase-ios-sdk" */;
			productName = FirebaseAuth;
		};
		B01E8A522AFE07A1006B91BE /* FirebaseFirestore */ = {
			isa = XCSwiftPackageProductDependency;
			package = B01E8A4F2AFE07A1006B91BE /* XCRemoteSwiftPackageReference "firebase-ios-sdk" */;
			productName = FirebaseFirestore;
		};
/* End XCSwiftPackageProductDependency section */
	};
	rootObject = B05B0A052AF860DD001BC10D /* Project object */;
}
